{
  "nodes": {
    "fortify": {
      "inputs": {
        "home-manager": "home-manager",
        "nixpkgs": "nixpkgs"
      },
      "locked": {
        "lastModified": 1735493104,
        "narHash": "sha256-xxoxbEF4GIrgua0yV0YlQVtwDGmb8nVrSPG05kfo7TA=",
        "ref": "develop",
        "rev": "22a4b996742a99515c2cdf50cbd92d86a8370c4f",
        "revCount": 367,
        "type": "git",
        "url": "https://git.gensokyo.uk/security/fortify"
      },
      "original": {
        "ref": "develop",
        "type": "git",
        "url": "https://git.gensokyo.uk/security/fortify"
      }
    },
    "home-manager": {
      "inputs": {
        "nixpkgs": [
          "fortify",
          "nixpkgs"
        ]
      },
      "locked": {
        "lastModified": 1735344290,
        "narHash": "sha256-oJDtWPH1oJT34RJK1FSWjwX4qcGOBRkcNQPD0EbSfNM=",
        "owner": "nix-community",
        "repo": "home-manager",
        "rev": "613691f285dad87694c2ba1c9e6298d04736292d",
        "type": "github"
      },
      "original": {
        "owner": "nix-community",
        "ref": "release-24.11",
        "repo": "home-manager",
        "type": "github"
      }
    },
    "nixpkgs": {
      "locked": {
        "lastModified": 1735326919,
        "narHash": "sha256-BZlgs4l9CXAauo78giGCZdazMMk5VZNro7o5SHFUuyE=",
        "owner": "NixOS",
        "repo": "nixpkgs",
        "rev": "8f0aa155aa29f7d2b471aa2ffd322745bf2b2036",
        "type": "github"
      },
      "original": {
        "owner": "NixOS",
        "ref": "nixos-24.11-small",
        "repo": "nixpkgs",
        "type": "github"
      }
    },
    "root": {
      "inputs": {
        "fortify": "fortify"
      }
    }
  },
  "root": "root",
  "version": 7
}
